
Microsoft Visual Studio Solution File, Format Version 12.00
# Visual Studio Version 16
VisualStudioVersion = 16.0.31613.86
MinimumVisualStudioVersion = 10.0.40219.1
Project("{FAE04EC0-301F-11D3-BF4B-00C04F79EFBC}") = "Negocio", "Negocio\Negocio.csproj", "{C40248E6-9DF8-4AD1-8A5C-ACBDA0B48BBB}"
EndProject
Project("{FAE04EC0-301F-11D3-BF4B-00C04F79EFBC}") = "Presentacion", "Presentacion\Presentacion.csproj", "{9099BD51-C0B7-4624-8E85-C43D778610AF}"
EndProject
Global
	GlobalSection(SolutionConfigurationPlatforms) = preSolution
		Debug|Any CPU = Debug|Any CPU
		Release|Any CPU = Release|Any CPU
	EndGlobalSection
	GlobalSection(ProjectConfigurationPlatforms) = postSolution
		{C40248E6-9DF8-4AD1-8A5C-ACBDA0B48BBB}.Debug|Any CPU.ActiveCfg = Debug|Any CPU
		{C40248E6-9DF8-4AD1-8A5C-ACBDA0B48BBB}.Debug|Any CPU.Build.0 = Debug|Any CPU
		{C40248E6-9DF8-4AD1-8A5C-ACBDA0B48BBB}.Release|Any CPU.ActiveCfg = Release|Any CPU
		{C40248E6-9DF8-4AD1-8A5C-ACBDA0B48BBB}.Release|Any CPU.Build.0 = Release|Any CPU
		{9099BD51-C0B7-4624-8E85-C43D778610AF}.Debug|Any CPU.ActiveCfg = Debug|Any CPU
		{9099BD51-C0B7-4624-8E85-C43D778610AF}.Debug|Any CPU.Build.0 = Debug|Any CPU
		{9099BD51-C0B7-4624-8E85-C43D778610AF}.Release|Any CPU.ActiveCfg = Release|Any CPU
		{9099BD51-C0B7-4624-8E85-C43D778610AF}.Release|Any CPU.Build.0 = Release|Any CPU
	EndGlobalSection
	GlobalSection(SolutionProperties) = preSolution
		HideSolutionNode = FALSE
	EndGlobalSection
	GlobalSection(ExtensibilityGlobals) = postSolution
		SolutionGuid = {C1AF9232-1B83-4BA2-9293-D6676084E548}
	EndGlobalSection
EndGlobal
